
Microsoft Visual Studio Solution File, Format Version 12.00
# Visual Studio Version 17
VisualStudioVersion = 17.13.35931.197
MinimumVisualStudioVersion = 10.0.40219.1
Project("{FAE04EC0-301F-11D3-BF4B-00C04F79EFBC}") = "Sparta_Dungeon", "Sparta_Dungeon\Sparta_Dungeon.csproj", "{AEE008ED-BF9B-4321-A080-8220DE6397DD}"
EndProject
Project("{FAE04EC0-301F-11D3-BF4B-00C04F79EFBC}") = "Sparta_Dungeon2", "Sparta_Dungeon2\Sparta_Dungeon2.csproj", "{AD112D9E-6EAD-4BC2-9F77-79E7FFFD63D1}"
EndProject
Global
	GlobalSection(SolutionConfigurationPlatforms) = preSolution
		Debug|Any CPU = Debug|Any CPU
		Release|Any CPU = Release|Any CPU
	EndGlobalSection
	GlobalSection(ProjectConfigurationPlatforms) = postSolution
		{AEE008ED-BF9B-4321-A080-8220DE6397DD}.Debug|Any CPU.ActiveCfg = Debug|Any CPU
		{AEE008ED-BF9B-4321-A080-8220DE6397DD}.Debug|Any CPU.Build.0 = Debug|Any CPU
		{AEE008ED-BF9B-4321-A080-8220DE6397DD}.Release|Any CPU.ActiveCfg = Release|Any CPU
		{AEE008ED-BF9B-4321-A080-8220DE6397DD}.Release|Any CPU.Build.0 = Release|Any CPU
		{AD112D9E-6EAD-4BC2-9F77-79E7FFFD63D1}.Debug|Any CPU.ActiveCfg = Debug|Any CPU
		{AD112D9E-6EAD-4BC2-9F77-79E7FFFD63D1}.Debug|Any CPU.Build.0 = Debug|Any CPU
		{AD112D9E-6EAD-4BC2-9F77-79E7FFFD63D1}.Release|Any CPU.ActiveCfg = Release|Any CPU
		{AD112D9E-6EAD-4BC2-9F77-79E7FFFD63D1}.Release|Any CPU.Build.0 = Release|Any CPU
	EndGlobalSection
	GlobalSection(SolutionProperties) = preSolution
		HideSolutionNode = FALSE
	EndGlobalSection
	GlobalSection(ExtensibilityGlobals) = postSolution
		SolutionGuid = {61BC2E84-FE1C-45D9-8D0C-1A2FEA1F42E0}
	EndGlobalSection
EndGlobal
